
Microsoft Visual Studio Solution File, Format Version 12.00
# Visual Studio Version 17
VisualStudioVersion = 17.2.32414.248
MinimumVisualStudioVersion = 10.0.40219.1
Project("{9A19103F-16F7-4668-BE54-9A1E7A4F7556}") = "msbuild-gui", "msbuild-gui\msbuild-gui.csproj", "{2157D318-2977-428B-82DE-925A3004D0DA}"
EndProject
Project("{54435603-DBB4-11D2-8724-00A0C9A8B90C}") = "msbuild-gui-installer", "msbuild-gui-installer\msbuild-gui-installer.vdproj", "{8CF143CB-9E41-4C84-B760-FCCFA672567D}"
EndProject
Global
	GlobalSection(SolutionConfigurationPlatforms) = preSolution
		Debug|Any CPU = Debug|Any CPU
		Release|Any CPU = Release|Any CPU
	EndGlobalSection
	GlobalSection(ProjectConfigurationPlatforms) = postSolution
		{2157D318-2977-428B-82DE-925A3004D0DA}.Debug|Any CPU.ActiveCfg = Debug|Any CPU
		{2157D318-2977-428B-82DE-925A3004D0DA}.Debug|Any CPU.Build.0 = Debug|Any CPU
		{2157D318-2977-428B-82DE-925A3004D0DA}.Release|Any CPU.ActiveCfg = Release|Any CPU
		{2157D318-2977-428B-82DE-925A3004D0DA}.Release|Any CPU.Build.0 = Release|Any CPU
		{8CF143CB-9E41-4C84-B760-FCCFA672567D}.Debug|Any CPU.ActiveCfg = Debug
		{8CF143CB-9E41-4C84-B760-FCCFA672567D}.Release|Any CPU.ActiveCfg = Release
	EndGlobalSection
	GlobalSection(SolutionProperties) = preSolution
		HideSolutionNode = FALSE
	EndGlobalSection
	GlobalSection(ExtensibilityGlobals) = postSolution
		SolutionGuid = {E90DBBD8-303D-4624-AE24-1351916B6CB4}
	EndGlobalSection
EndGlobal
